
Microsoft Visual Studio Solution File, Format Version 10.00
# Visual Studio 2008
Project("{8BC9CEB8-8B4A-11D0-8D11-00A0C91BC942}") = "cpp-netlib", "cpp-netlib.vcproj", "{D377AD87-8C8E-47F3-987D-428CF82E73FF}"
EndProject
Global
	GlobalSection(SolutionConfigurationPlatforms) = preSolution
		Non-unicode Debug|Win32 = Non-unicode Debug|Win32
		Non-unicode Release|Win32 = Non-unicode Release|Win32
		UNICODE Debug|Win32 = UNICODE Debug|Win32
		UNICODE Release|Win32 = UNICODE Release|Win32
	EndGlobalSection
	GlobalSection(ProjectConfigurationPlatforms) = postSolution
		{D377AD87-8C8E-47F3-987D-428CF82E73FF}.Non-unicode Debug|Win32.ActiveCfg = Non-unicode Debug|Win32
		{D377AD87-8C8E-47F3-987D-428CF82E73FF}.Non-unicode Debug|Win32.Build.0 = Non-unicode Debug|Win32
		{D377AD87-8C8E-47F3-987D-428CF82E73FF}.Non-unicode Release|Win32.ActiveCfg = Non-unicode Release|Win32
		{D377AD87-8C8E-47F3-987D-428CF82E73FF}.Non-unicode Release|Win32.Build.0 = Non-unicode Release|Win32
		{D377AD87-8C8E-47F3-987D-428CF82E73FF}.UNICODE Debug|Win32.ActiveCfg = UNICODE Debug|Win32
		{D377AD87-8C8E-47F3-987D-428CF82E73FF}.UNICODE Debug|Win32.Build.0 = UNICODE Debug|Win32
		{D377AD87-8C8E-47F3-987D-428CF82E73FF}.UNICODE Release|Win32.ActiveCfg = UNICODE Release|Win32
		{D377AD87-8C8E-47F3-987D-428CF82E73FF}.UNICODE Release|Win32.Build.0 = UNICODE Release|Win32
	EndGlobalSection
	GlobalSection(SolutionProperties) = preSolution
		HideSolutionNode = FALSE
	EndGlobalSection
EndGlobal
